<?xml version="1.0" encoding="utf-8"?>
<Project ToolsVersion="4.0" xmlns="http://schemas.microsoft.com/developer/msbuild/2003">
  <ItemGroup>
    <Filter Include="Source Files">
      <UniqueIdentifier>{4FC737F1-C7A5-4376-A066-2A32D752A2FF}</UniqueIdentifier>
      <Extensions>qml;cpp;c;cc;cxx;def;odl;idl;hpj;bat;asm;asmx</Extensions>
    </Filter>
    <Filter Include="Header Files">
      <UniqueIdentifier>{93995380-89BD-4b04-88EB-625FBE52EBFB}</UniqueIdentifier>
      <Extensions>h;hh;hpp;hxx;hm;inl;inc;xsd</Extensions>
    </Filter>
    <Filter Include="Resource Files">
      <UniqueIdentifier>{67DA6AB6-F800-4c08-8B7A-83BB121AAD01}</UniqueIdentifier>
      <Extensions>qrc;rc;ico;cur;bmp;dlg;rc2;rct;bin;rgs;gif;jpg;jpeg;jpe;resx;tiff;tif;png;wav;mfcribbon-ms</Extensions>
    </Filter>
    <Filter Include="Form Files">
      <UniqueIdentifier>{99349809-55BA-4b9d-BF79-8FDBB0286EB3}</UniqueIdentifier>
      <Extensions>ui</Extensions>
    </Filter>
    <Filter Include="Translation Files">
      <UniqueIdentifier>{639EADAA-A684-42e4-A9AD-28FC9BCB8F7C}</UniqueIdentifier>
      <Extensions>ts</Extensions>
    </Filter>
    <Filter Include="Header Files\qt">
      <UniqueIdentifier>{e98b10d8-9350-4469-b6d9-c6b5d7f98f3a}</UniqueIdentifier>
    </Filter>
    <Filter Include="Source Files\qt">
      <UniqueIdentifier>{07fede76-ff86-471c-9458-d5daa739813d}</UniqueIdentifier>
    </Filter>
    <Filter Include="Header Files\hid">
      <UniqueIdentifier>{3db0db60-50d1-43a7-9d59-4a49bf05bd9c}</UniqueIdentifier>
    </Filter>
    <Filter Include="Source Files\hid">
      <UniqueIdentifier>{671a4f08-c1f3-4c05-ba29-1b26758dad26}</UniqueIdentifier>
    </Filter>
    <Filter Include="Header Files\types">
      <UniqueIdentifier>{465cb61c-0625-4d9a-81b2-be71a0d002a6}</UniqueIdentifier>
    </Filter>
  </ItemGroup>
  <ItemGroup>
    <QtRcc Include="keyboardcontroller.qrc">
      <Filter>Resource Files</Filter>
    </QtRcc>
    <QtUic Include="keyboardcontroller.ui">
      <Filter>Form Files</Filter>
    </QtUic>
  </ItemGroup>
  <ItemGroup>
    <ClCompile Include="main.cpp" />
    <ClCompile Include="keyboardcontroller.cpp">
      <Filter>Source Files\qt</Filter>
    </ClCompile>
    <ClCompile Include="hid_util.cpp">
      <Filter>Source Files\hid</Filter>
    </ClCompile>
  </ItemGroup>
  <ItemGroup>
    <QtMoc Include="keyboardcontroller.h">
      <Filter>Header Files\qt</Filter>
    </QtMoc>
  </ItemGroup>
  <ItemGroup>
    <ClInclude Include="hid_util.hpp">
      <Filter>Header Files\hid</Filter>
    </ClInclude>
    <ClInclude Include="type_firmware.hpp">
      <Filter>Header Files\types</Filter>
    </ClInclude>
    <ClInclude Include="type_rgb.hpp">
      <Filter>Header Files\types</Filter>
    </ClInclude>
  </ItemGroup>
</Project>